<Solution>
  <Folder Name="/snippets/">
    <Project Path="snippets/BuildScene/BuildScene.csproj" />
    <Project Path="snippets/CameraSnapshot/CameraSnapshot.csproj" />
    <Project Path="snippets/CameraStream/CameraStream.csproj" />
    <Project Path="snippets/ConnectAndPing/ConnectAndPing.csproj" />
    <Project Path="snippets/CreateAnyPrim/CreateAnyPrim.csproj" />
    <Project Path="snippets/DepthPointCloud/DepthPointCloud.csproj" />
    <Project Path="snippets/DigitalTwinFeed/DigitalTwinFeed.csproj" />
    <Project Path="snippets/DriveRobot/DriveRobot.csproj" />
    <Project Path="snippets/EditScope/EditScope.csproj" />
    <Project Path="snippets/EnumerateStage/EnumerateStage.csproj" />
    <Project Path="snippets/ExportUsd/ExportUsd.csproj" />
    <Project Path="snippets/ImuSensor/ImuSensor.csproj" />
    <Project Path="snippets/LidarSensor/LidarSensor.csproj" />
    <Project Path="snippets/LinkForces/LinkForces.csproj" />
    <Project Path="snippets/LivestreamHeadless/LivestreamHeadless.csproj" />
    <Project Path="snippets/LoadRobot/LoadRobot.csproj" />
    <Project Path="snippets/Materials/Materials.csproj" />
    <Project Path="snippets/PhysicsAuthoring/PhysicsAuthoring.csproj" />
    <Project Path="snippets/Raycast/Raycast.csproj" />
    <Project Path="snippets/ReadWriteAttributes/ReadWriteAttributes.csproj" />
    <Project Path="snippets/ReparentRenameDuplicate/ReparentRenameDuplicate.csproj" />
    <Project Path="snippets/RunHeadless/RunHeadless.csproj" />
    <Project Path="snippets/RuntimePhysics/RuntimePhysics.csproj" />
    <Project Path="snippets/RunWithUi/RunWithUi.csproj" />
    <Project Path="snippets/SceneStudio/SceneStudio.csproj" />
    <Project Path="snippets/TransformsAndBounds/TransformsAndBounds.csproj" />
    <Project Path="snippets/VisibilityAndActive/VisibilityAndActive.csproj" />
  </Folder>
  <Project Path="../src/IsaacSimSharp/IsaacSimSharp.csproj" />
  <Project Path="Quickstart/Quickstart.csproj" />
  <Project Path="RobotControl/RobotControl.csproj" />
  <Project Path="SelfHosted/SelfHosted.csproj" />
  <Project Path="SensorStream/SensorStream.csproj" />
</Solution>
